dependencies:
- name: trackeranalytics
  repository: file://charts/trackeranalytics
  version: 0.1.1
- name: trackerclient
  repository: file://charts/trackerclient
  version: 0.1.1
- name: trackerserver
  repository: file://charts/trackerserver
  version: 0.1.1
- name: communicationsapp
  repository: file://charts/communicationsapp
  version: 0.1.1
digest: sha256:071795c674a8be78e59b46e9cb8f28733b3f7f25fdff724ab15b85dab9420c4e
generated: "2026-07-30T21:55:45.589845106-06:00"
